
Microsoft Visual Studio Solution File, Format Version 12.00
# Visual Studio 15
VisualStudioVersion = 15.0.26124.0
MinimumVisualStudioVersion = 15.0.26124.0
Project("{2150E333-8FDC-42A3-9474-1A3956D46DE8}") = "src", "src", "{02C930E6-CB80-41B1-8BA5-A93CC2C5146A}"
EndProject
Project("{FAE04EC0-301F-11D3-BF4B-00C04F79EFBC}") = "Image", "src\Image\Image.csproj", "{08DD0695-E9D8-4C58-8B1D-46D4BE887DA9}"
EndProject
Project("{2150E333-8FDC-42A3-9474-1A3956D46DE8}") = "tests", "tests", "{1B9FB80A-2401-4553-BC2E-A95E7FFF57B9}"
EndProject
Project("{FAE04EC0-301F-11D3-BF4B-00C04F79EFBC}") = "Tests", "tests\Tests\Tests.csproj", "{650F63FC-1C22-4D20-91C6-B78F6B583CDF}"
EndProject
Global
	GlobalSection(SolutionConfigurationPlatforms) = preSolution
		Debug|Any CPU = Debug|Any CPU
		Debug|x64 = Debug|x64
		Debug|x86 = Debug|x86
		Release|Any CPU = Release|Any CPU
		Release|x64 = Release|x64
		Release|x86 = Release|x86
	EndGlobalSection
	GlobalSection(SolutionProperties) = preSolution
		HideSolutionNode = FALSE
	EndGlobalSection
	GlobalSection(ProjectConfigurationPlatforms) = postSolution
		{08DD0695-E9D8-4C58-8B1D-46D4BE887DA9}.Debug|Any CPU.ActiveCfg = Debug|Any CPU
		{08DD0695-E9D8-4C58-8B1D-46D4BE887DA9}.Debug|Any CPU.Build.0 = Debug|Any CPU
		{08DD0695-E9D8-4C58-8B1D-46D4BE887DA9}.Debug|x64.ActiveCfg = Debug|Any CPU
		{08DD0695-E9D8-4C58-8B1D-46D4BE887DA9}.Debug|x64.Build.0 = Debug|Any CPU
		{08DD0695-E9D8-4C58-8B1D-46D4BE887DA9}.Debug|x86.ActiveCfg = Debug|Any CPU
		{08DD0695-E9D8-4C58-8B1D-46D4BE887DA9}.Debug|x86.Build.0 = Debug|Any CPU
		{08DD0695-E9D8-4C58-8B1D-46D4BE887DA9}.Release|Any CPU.ActiveCfg = Release|Any CPU
		{08DD0695-E9D8-4C58-8B1D-46D4BE887DA9}.Release|Any CPU.Build.0 = Release|Any CPU
		{08DD0695-E9D8-4C58-8B1D-46D4BE887DA9}.Release|x64.ActiveCfg = Release|Any CPU
		{08DD0695-E9D8-4C58-8B1D-46D4BE887DA9}.Release|x64.Build.0 = Release|Any CPU
		{08DD0695-E9D8-4C58-8B1D-46D4BE887DA9}.Release|x86.ActiveCfg = Release|Any CPU
		{08DD0695-E9D8-4C58-8B1D-46D4BE887DA9}.Release|x86.Build.0 = Release|Any CPU
		{650F63FC-1C22-4D20-91C6-B78F6B583CDF}.Debug|Any CPU.ActiveCfg = Debug|Any CPU
		{650F63FC-1C22-4D20-91C6-B78F6B583CDF}.Debug|Any CPU.Build.0 = Debug|Any CPU
		{650F63FC-1C22-4D20-91C6-B78F6B583CDF}.Debug|x64.ActiveCfg = Debug|Any CPU
		{650F63FC-1C22-4D20-91C6-B78F6B583CDF}.Debug|x64.Build.0 = Debug|Any CPU
		{650F63FC-1C22-4D20-91C6-B78F6B583CDF}.Debug|x86.ActiveCfg = Debug|Any CPU
		{650F63FC-1C22-4D20-91C6-B78F6B583CDF}.Debug|x86.Build.0 = Debug|Any CPU
		{650F63FC-1C22-4D20-91C6-B78F6B583CDF}.Release|Any CPU.ActiveCfg = Release|Any CPU
		{650F63FC-1C22-4D20-91C6-B78F6B583CDF}.Release|Any CPU.Build.0 = Release|Any CPU
		{650F63FC-1C22-4D20-91C6-B78F6B583CDF}.Release|x64.ActiveCfg = Release|Any CPU
		{650F63FC-1C22-4D20-91C6-B78F6B583CDF}.Release|x64.Build.0 = Release|Any CPU
		{650F63FC-1C22-4D20-91C6-B78F6B583CDF}.Release|x86.ActiveCfg = Release|Any CPU
		{650F63FC-1C22-4D20-91C6-B78F6B583CDF}.Release|x86.Build.0 = Release|Any CPU
	EndGlobalSection
	GlobalSection(NestedProjects) = preSolution
		{08DD0695-E9D8-4C58-8B1D-46D4BE887DA9} = {02C930E6-CB80-41B1-8BA5-A93CC2C5146A}
		{650F63FC-1C22-4D20-91C6-B78F6B583CDF} = {1B9FB80A-2401-4553-BC2E-A95E7FFF57B9}
	EndGlobalSection
EndGlobal
